
Microsoft Visual Studio Solution File, Format Version 12.00
# Visual Studio Version 17
VisualStudioVersion = 17.0.31903.59
MinimumVisualStudioVersion = 10.0.40219.1
Project("{9A19103F-16F7-4668-BE54-9A1E7A4F7556}") = "BuberDinner.Api", "BuberDinner.Api\BuberDinner.Api.csproj", "{D252501D-D00D-48B9-B6EE-58AB41FA5F32}"
EndProject
Project("{9A19103F-16F7-4668-BE54-9A1E7A4F7556}") = "BuberDinner.Application", "BuberDinner.Application\BuberDinner.Application.csproj", "{CAB345E7-FF25-4A46-8218-B5A445DE6A57}"
EndProject
Project("{9A19103F-16F7-4668-BE54-9A1E7A4F7556}") = "BuberDinner.Contracts", "BuberDinner.Contracts\BuberDinner.Contracts.csproj", "{C92AB909-3BDD-48E8-95C0-A6C09D0EBBCA}"
EndProject
Project("{9A19103F-16F7-4668-BE54-9A1E7A4F7556}") = "BuberDinner.Domain", "BuberDinner.Domain\BuberDinner.Domain.csproj", "{A5E59B03-4364-4C9B-8B1C-12144BD5156E}"
EndProject
Project("{FAE04EC0-301F-11D3-BF4B-00C04F79EFBC}") = "BuberDinner.Infrastructure", "BuberDinner.Infrastructure\BuberDinner.Infrastructure.csproj", "{999ABA32-3677-46EE-9518-5030084A29E2}"
EndProject
Global
	GlobalSection(SolutionConfigurationPlatforms) = preSolution
		Debug|Any CPU = Debug|Any CPU
		Release|Any CPU = Release|Any CPU
	EndGlobalSection
	GlobalSection(ProjectConfigurationPlatforms) = postSolution
		{D252501D-D00D-48B9-B6EE-58AB41FA5F32}.Debug|Any CPU.ActiveCfg = Debug|Any CPU
		{D252501D-D00D-48B9-B6EE-58AB41FA5F32}.Debug|Any CPU.Build.0 = Debug|Any CPU
		{D252501D-D00D-48B9-B6EE-58AB41FA5F32}.Release|Any CPU.ActiveCfg = Release|Any CPU
		{D252501D-D00D-48B9-B6EE-58AB41FA5F32}.Release|Any CPU.Build.0 = Release|Any CPU
		{CAB345E7-FF25-4A46-8218-B5A445DE6A57}.Debug|Any CPU.ActiveCfg = Debug|Any CPU
		{CAB345E7-FF25-4A46-8218-B5A445DE6A57}.Debug|Any CPU.Build.0 = Debug|Any CPU
		{CAB345E7-FF25-4A46-8218-B5A445DE6A57}.Release|Any CPU.ActiveCfg = Release|Any CPU
		{CAB345E7-FF25-4A46-8218-B5A445DE6A57}.Release|Any CPU.Build.0 = Release|Any CPU
		{C92AB909-3BDD-48E8-95C0-A6C09D0EBBCA}.Debug|Any CPU.ActiveCfg = Debug|Any CPU
		{C92AB909-3BDD-48E8-95C0-A6C09D0EBBCA}.Debug|Any CPU.Build.0 = Debug|Any CPU
		{C92AB909-3BDD-48E8-95C0-A6C09D0EBBCA}.Release|Any CPU.ActiveCfg = Release|Any CPU
		{C92AB909-3BDD-48E8-95C0-A6C09D0EBBCA}.Release|Any CPU.Build.0 = Release|Any CPU
		{A5E59B03-4364-4C9B-8B1C-12144BD5156E}.Debug|Any CPU.ActiveCfg = Debug|Any CPU
		{A5E59B03-4364-4C9B-8B1C-12144BD5156E}.Debug|Any CPU.Build.0 = Debug|Any CPU
		{A5E59B03-4364-4C9B-8B1C-12144BD5156E}.Release|Any CPU.ActiveCfg = Release|Any CPU
		{A5E59B03-4364-4C9B-8B1C-12144BD5156E}.Release|Any CPU.Build.0 = Release|Any CPU
		{999ABA32-3677-46EE-9518-5030084A29E2}.Debug|Any CPU.ActiveCfg = Debug|Any CPU
		{999ABA32-3677-46EE-9518-5030084A29E2}.Debug|Any CPU.Build.0 = Debug|Any CPU
		{999ABA32-3677-46EE-9518-5030084A29E2}.Release|Any CPU.ActiveCfg = Release|Any CPU
		{999ABA32-3677-46EE-9518-5030084A29E2}.Release|Any CPU.Build.0 = Release|Any CPU
	EndGlobalSection
	GlobalSection(SolutionProperties) = preSolution
		HideSolutionNode = FALSE
	EndGlobalSection
	GlobalSection(ExtensibilityGlobals) = postSolution
		SolutionGuid = {CCDF601B-7A1D-41F7-B81F-8391708D08D0}
	EndGlobalSection
EndGlobal
